
Microsoft Visual Studio Solution File, Format Version 12.00
# Visual Studio Version 17
VisualStudioVersion = 17.2.32526.322
MinimumVisualStudioVersion = 10.0.40219.1
Project("{9A19103F-16F7-4668-BE54-9A1E7A4F7556}") = "ElearningDemo", "ElearningDemo\ElearningDemo.csproj", "{99A0C3C1-30EF-4FBD-9EE9-EA5C81618FDB}"
EndProject
Project("{9A19103F-16F7-4668-BE54-9A1E7A4F7556}") = "ElearningDemoServices", "ElearningDemoServices\ElearningDemoServices.csproj", "{AA183AD5-7053-4F7F-A929-E3FB17CE6417}"
EndProject
Project("{9A19103F-16F7-4668-BE54-9A1E7A4F7556}") = "ElearningDemoRepositories", "ElearningDemoRepositories\ElearningDemoRepositories.csproj", "{A3FF1B1C-8B7D-48C1-AEB3-7CF6C2BCFF1B}"
EndProject
Project("{FAE04EC0-301F-11D3-BF4B-00C04F79EFBC}") = "ElearningDemo.Test", "ElearningDemo.Test\ElearningDemo.Test.csproj", "{CEDF6BB0-196A-4E72-8048-C3EB7CA141C8}"
EndProject
Project("{FAE04EC0-301F-11D3-BF4B-00C04F79EFBC}") = "ElearningDemoServices.Test", "ElearningDemoServices.Test\ElearningDemoServices.Test.csproj", "{6E54A6EE-C441-439D-844C-BCDB8C673206}"
EndProject
Project("{FAE04EC0-301F-11D3-BF4B-00C04F79EFBC}") = "ElearningDemoRepositories.Test", "ElearningDemoRepositories.Test\ElearningDemoRepositories.Test.csproj", "{ED7887C2-1871-4391-A58C-5D1DE90413F0}"
EndProject
Global
	GlobalSection(SolutionConfigurationPlatforms) = preSolution
		Debug|Any CPU = Debug|Any CPU
		Release|Any CPU = Release|Any CPU
	EndGlobalSection
	GlobalSection(ProjectConfigurationPlatforms) = postSolution
		{99A0C3C1-30EF-4FBD-9EE9-EA5C81618FDB}.Debug|Any CPU.ActiveCfg = Debug|Any CPU
		{99A0C3C1-30EF-4FBD-9EE9-EA5C81618FDB}.Debug|Any CPU.Build.0 = Debug|Any CPU
		{99A0C3C1-30EF-4FBD-9EE9-EA5C81618FDB}.Release|Any CPU.ActiveCfg = Release|Any CPU
		{99A0C3C1-30EF-4FBD-9EE9-EA5C81618FDB}.Release|Any CPU.Build.0 = Release|Any CPU
		{AA183AD5-7053-4F7F-A929-E3FB17CE6417}.Debug|Any CPU.ActiveCfg = Debug|Any CPU
		{AA183AD5-7053-4F7F-A929-E3FB17CE6417}.Debug|Any CPU.Build.0 = Debug|Any CPU
		{AA183AD5-7053-4F7F-A929-E3FB17CE6417}.Release|Any CPU.ActiveCfg = Release|Any CPU
		{AA183AD5-7053-4F7F-A929-E3FB17CE6417}.Release|Any CPU.Build.0 = Release|Any CPU
		{A3FF1B1C-8B7D-48C1-AEB3-7CF6C2BCFF1B}.Debug|Any CPU.ActiveCfg = Debug|Any CPU
		{A3FF1B1C-8B7D-48C1-AEB3-7CF6C2BCFF1B}.Debug|Any CPU.Build.0 = Debug|Any CPU
		{A3FF1B1C-8B7D-48C1-AEB3-7CF6C2BCFF1B}.Release|Any CPU.ActiveCfg = Release|Any CPU
		{A3FF1B1C-8B7D-48C1-AEB3-7CF6C2BCFF1B}.Release|Any CPU.Build.0 = Release|Any CPU
		{CEDF6BB0-196A-4E72-8048-C3EB7CA141C8}.Debug|Any CPU.ActiveCfg = Debug|Any CPU
		{CEDF6BB0-196A-4E72-8048-C3EB7CA141C8}.Debug|Any CPU.Build.0 = Debug|Any CPU
		{CEDF6BB0-196A-4E72-8048-C3EB7CA141C8}.Release|Any CPU.ActiveCfg = Release|Any CPU
		{CEDF6BB0-196A-4E72-8048-C3EB7CA141C8}.Release|Any CPU.Build.0 = Release|Any CPU
		{6E54A6EE-C441-439D-844C-BCDB8C673206}.Debug|Any CPU.ActiveCfg = Debug|Any CPU
		{6E54A6EE-C441-439D-844C-BCDB8C673206}.Debug|Any CPU.Build.0 = Debug|Any CPU
		{6E54A6EE-C441-439D-844C-BCDB8C673206}.Release|Any CPU.ActiveCfg = Release|Any CPU
		{6E54A6EE-C441-439D-844C-BCDB8C673206}.Release|Any CPU.Build.0 = Release|Any CPU
		{ED7887C2-1871-4391-A58C-5D1DE90413F0}.Debug|Any CPU.ActiveCfg = Debug|Any CPU
		{ED7887C2-1871-4391-A58C-5D1DE90413F0}.Debug|Any CPU.Build.0 = Debug|Any CPU
		{ED7887C2-1871-4391-A58C-5D1DE90413F0}.Release|Any CPU.ActiveCfg = Release|Any CPU
		{ED7887C2-1871-4391-A58C-5D1DE90413F0}.Release|Any CPU.Build.0 = Release|Any CPU
	EndGlobalSection
	GlobalSection(SolutionProperties) = preSolution
		HideSolutionNode = FALSE
	EndGlobalSection
	GlobalSection(ExtensibilityGlobals) = postSolution
		SolutionGuid = {6E08464F-D08F-4687-93B6-08C63112E6CC}
	EndGlobalSection
EndGlobal
